# This file is automatically @generated by Cargo.
# It is not intended for manual editing.
version = 4

[[package]]
name = "tableflow"
version = "0.0.0"

[[package]]
name = "tableflow-cli"
version = "0.0.0"

[[package]]
name = "tableflow-content"
version = "0.0.0"

[[package]]
name = "tableflow-core"
version = "0.0.0"

[[package]]
name = "tableflow-export"
version = "0.0.0"

[[package]]
name = "tableflow-schema"
version = "0.0.0"
